
Microsoft Visual Studio Solution File, Format Version 12.00
# Visual Studio Version 17
VisualStudioVersion = 17.5.33530.505
MinimumVisualStudioVersion = 10.0.40219.1
Project("{FAE04EC0-301F-11D3-BF4B-00C04F79EFBC}") = "MA_SMART_StudID_FA6_ADP631", "MA_SMART_StudID_FA6_ADP631.csproj", "{5BA3B087-5003-48FA-94F2-D83E29827A57}"
EndProject
Global
	GlobalSection(SolutionConfigurationPlatforms) = preSolution
		Debug|Any CPU = Debug|Any CPU
		Release|Any CPU = Release|Any CPU
	EndGlobalSection
	GlobalSection(ProjectConfigurationPlatforms) = postSolution
		{5BA3B087-5003-48FA-94F2-D83E29827A57}.Debug|Any CPU.ActiveCfg = Debug|Any CPU
		{5BA3B087-5003-48FA-94F2-D83E29827A57}.Debug|Any CPU.Build.0 = Debug|Any CPU
		{5BA3B087-5003-48FA-94F2-D83E29827A57}.Release|Any CPU.ActiveCfg = Release|Any CPU
		{5BA3B087-5003-48FA-94F2-D83E29827A57}.Release|Any CPU.Build.0 = Release|Any CPU
	EndGlobalSection
	GlobalSection(SolutionProperties) = preSolution
		HideSolutionNode = FALSE
	EndGlobalSection
	GlobalSection(ExtensibilityGlobals) = postSolution
		SolutionGuid = {E1876214-2ABA-408B-B335-5C470AD6715A}
	EndGlobalSection
EndGlobal
